
Microsoft Visual Studio Solution File, Format Version 12.00
# Visual Studio 14
VisualStudioVersion = 14.0.25420.1
MinimumVisualStudioVersion = 10.0.40219.1
Project("{FAE04EC0-301F-11D3-BF4B-00C04F79EFBC}") = "PhanTanDat-b9-baimau", "PhanTanDat-b9-baimau\PhanTanDat-b9-baimau.csproj", "{F1248E05-511E-4598-93F1-B2DDF5648A67}"
EndProject
Project("{FAE04EC0-301F-11D3-BF4B-00C04F79EFBC}") = "PhanTanDat-b9-bai1", "PhanTanDat-b9-bai1\PhanTanDat-b9-bai1.csproj", "{6F19103A-6B1B-42A0-9B62-64B8A00A9605}"
EndProject
Global
	GlobalSection(SolutionConfigurationPlatforms) = preSolution
		Debug|Any CPU = Debug|Any CPU
		Release|Any CPU = Release|Any CPU
	EndGlobalSection
	GlobalSection(ProjectConfigurationPlatforms) = postSolution
		{F1248E05-511E-4598-93F1-B2DDF5648A67}.Debug|Any CPU.ActiveCfg = Debug|Any CPU
		{F1248E05-511E-4598-93F1-B2DDF5648A67}.Debug|Any CPU.Build.0 = Debug|Any CPU
		{F1248E05-511E-4598-93F1-B2DDF5648A67}.Release|Any CPU.ActiveCfg = Release|Any CPU
		{F1248E05-511E-4598-93F1-B2DDF5648A67}.Release|Any CPU.Build.0 = Release|Any CPU
		{6F19103A-6B1B-42A0-9B62-64B8A00A9605}.Debug|Any CPU.ActiveCfg = Debug|Any CPU
		{6F19103A-6B1B-42A0-9B62-64B8A00A9605}.Debug|Any CPU.Build.0 = Debug|Any CPU
		{6F19103A-6B1B-42A0-9B62-64B8A00A9605}.Release|Any CPU.ActiveCfg = Release|Any CPU
		{6F19103A-6B1B-42A0-9B62-64B8A00A9605}.Release|Any CPU.Build.0 = Release|Any CPU
	EndGlobalSection
	GlobalSection(SolutionProperties) = preSolution
		HideSolutionNode = FALSE
	EndGlobalSection
EndGlobal
